
Microsoft Visual Studio Solution File, Format Version 12.00
# Visual Studio Version 17
VisualStudioVersion = 17.5.002.0
MinimumVisualStudioVersion = 10.0.40219.1
Project("{9A19103F-16F7-4668-BE54-9A1E7A4F7556}") = "basketapp", "basketapp.csproj", "{828AB026-65BA-483E-A934-1BBBF6CB6D8F}"
EndProject
Global
	GlobalSection(SolutionConfigurationPlatforms) = preSolution
		Debug|Any CPU = Debug|Any CPU
		Release|Any CPU = Release|Any CPU
	EndGlobalSection
	GlobalSection(ProjectConfigurationPlatforms) = postSolution
		{828AB026-65BA-483E-A934-1BBBF6CB6D8F}.Debug|Any CPU.ActiveCfg = Debug|Any CPU
		{828AB026-65BA-483E-A934-1BBBF6CB6D8F}.Debug|Any CPU.Build.0 = Debug|Any CPU
		{828AB026-65BA-483E-A934-1BBBF6CB6D8F}.Release|Any CPU.ActiveCfg = Release|Any CPU
		{828AB026-65BA-483E-A934-1BBBF6CB6D8F}.Release|Any CPU.Build.0 = Release|Any CPU
	EndGlobalSection
	GlobalSection(SolutionProperties) = preSolution
		HideSolutionNode = FALSE
	EndGlobalSection
	GlobalSection(ExtensibilityGlobals) = postSolution
		SolutionGuid = {01784C0E-A5A6-45A9-822F-1CE62011235B}
	EndGlobalSection
EndGlobal
